
Microsoft Visual Studio Solution File, Format Version 12.00
# Visual Studio Version 17
VisualStudioVersion = 17.0.31903.59
MinimumVisualStudioVersion = 10.0.40219.1
Project("{FAE04EC0-301F-11D3-BF4B-00C04F79EFBC}") = "API", "API\API.csproj", "{ECE3DA7D-7835-48E0-ABF0-BC686C9540E6}"
EndProject
Project("{FAE04EC0-301F-11D3-BF4B-00C04F79EFBC}") = "Application", "Application\Application.csproj", "{A5AB38A5-2573-4F4E-A769-AF6106EE4764}"
EndProject
Project("{FAE04EC0-301F-11D3-BF4B-00C04F79EFBC}") = "Domain", "Domain\Domain.csproj", "{F15D3039-2233-4B5E-BBBC-956FD0EC8B02}"
EndProject
Project("{FAE04EC0-301F-11D3-BF4B-00C04F79EFBC}") = "Persistence", "Persistence\Persistence.csproj", "{5F332E9A-7E2E-43E8-82DF-296C27610322}"
EndProject
Global
	GlobalSection(SolutionConfigurationPlatforms) = preSolution
		Debug|Any CPU = Debug|Any CPU
		Release|Any CPU = Release|Any CPU
	EndGlobalSection
	GlobalSection(SolutionProperties) = preSolution
		HideSolutionNode = FALSE
	EndGlobalSection
	GlobalSection(ProjectConfigurationPlatforms) = postSolution
		{ECE3DA7D-7835-48E0-ABF0-BC686C9540E6}.Debug|Any CPU.ActiveCfg = Debug|Any CPU
		{ECE3DA7D-7835-48E0-ABF0-BC686C9540E6}.Debug|Any CPU.Build.0 = Debug|Any CPU
		{ECE3DA7D-7835-48E0-ABF0-BC686C9540E6}.Release|Any CPU.ActiveCfg = Release|Any CPU
		{ECE3DA7D-7835-48E0-ABF0-BC686C9540E6}.Release|Any CPU.Build.0 = Release|Any CPU
		{A5AB38A5-2573-4F4E-A769-AF6106EE4764}.Debug|Any CPU.ActiveCfg = Debug|Any CPU
		{A5AB38A5-2573-4F4E-A769-AF6106EE4764}.Debug|Any CPU.Build.0 = Debug|Any CPU
		{A5AB38A5-2573-4F4E-A769-AF6106EE4764}.Release|Any CPU.ActiveCfg = Release|Any CPU
		{A5AB38A5-2573-4F4E-A769-AF6106EE4764}.Release|Any CPU.Build.0 = Release|Any CPU
		{F15D3039-2233-4B5E-BBBC-956FD0EC8B02}.Debug|Any CPU.ActiveCfg = Debug|Any CPU
		{F15D3039-2233-4B5E-BBBC-956FD0EC8B02}.Debug|Any CPU.Build.0 = Debug|Any CPU
		{F15D3039-2233-4B5E-BBBC-956FD0EC8B02}.Release|Any CPU.ActiveCfg = Release|Any CPU
		{F15D3039-2233-4B5E-BBBC-956FD0EC8B02}.Release|Any CPU.Build.0 = Release|Any CPU
		{5F332E9A-7E2E-43E8-82DF-296C27610322}.Debug|Any CPU.ActiveCfg = Debug|Any CPU
		{5F332E9A-7E2E-43E8-82DF-296C27610322}.Debug|Any CPU.Build.0 = Debug|Any CPU
		{5F332E9A-7E2E-43E8-82DF-296C27610322}.Release|Any CPU.ActiveCfg = Release|Any CPU
		{5F332E9A-7E2E-43E8-82DF-296C27610322}.Release|Any CPU.Build.0 = Release|Any CPU
	EndGlobalSection
EndGlobal
